// !$*UTF8*$!
{
	archiveVersion = 1;
	classes = {
	};
	objectVersion = 48;
	objects = {

/* Begin PBXBuildFile section */
		8C3413E41F742E2800DE12F5 /* Shop.swift in Sources */ = {isa = PBXBuildFile; fileRef = 8C3413E31F742E2800DE12F5 /* Shop.swift */; };
		8C3413E61F742FD600DE12F5 /* Activity.swift in Sources */ = {isa = PBXBuildFile; fileRef = 8C3413E51F742FD600DE12F5 /* Activity.swift */; };
		8C3413E81F7430AC00DE12F5 /* Shops.swift in Sources */ = {isa = PBXBuildFile; fileRef = 8C3413E71F7430AC00DE12F5 /* Shops.swift */; };
		8C3413EA1F7431E400DE12F5 /* Activities.swift in Sources */ = {isa = PBXBuildFile; fileRef = 8C3413E91F7431E400DE12F5 /* Activities.swift */; };
		8C3413EC1F74351600DE12F5 /* ShopDetailVC.swift in Sources */ = {isa = PBXBuildFile; fileRef = 8C3413EB1F74351600DE12F5 /* ShopDetailVC.swift */; };
		8C3413EE1F7435BA00DE12F5 /* ActivityListVC.swift in Sources */ = {isa = PBXBuildFile; fileRef = 8C3413ED1F7435BA00DE12F5 /* ActivityListVC.swift */; };
		8C3413F01F7435D800DE12F5 /* ActivityDetailVC.swift in Sources */ = {isa = PBXBuildFile; fileRef = 8C3413EF1F7435D800DE12F5 /* ActivityDetailVC.swift */; };
		8C3413F21F74380800DE12F5 /* ShopsListVC+CollectionVC.swift in Sources */ = {isa = PBXBuildFile; fileRef = 8C3413F11F74380800DE12F5 /* ShopsListVC+CollectionVC.swift */; };
		8C3413F51F74397E00DE12F5 /* MadridShopsPro.xcdatamodeld in Sources */ = {isa = PBXBuildFile; fileRef = 8C3413F31F74397E00DE12F5 /* MadridShopsPro.xcdatamodeld */; };
		8C3413F71F743CF700DE12F5 /* DownloadShopsInteractorProtocol.swift in Sources */ = {isa = PBXBuildFile; fileRef = 8C3413F61F743CF700DE12F5 /* DownloadShopsInteractorProtocol.swift */; };
		8C3413F91F743E0500DE12F5 /* DownloadShopsInteractorNSURLSession.swift in Sources */ = {isa = PBXBuildFile; fileRef = 8C3413F81F743E0500DE12F5 /* DownloadShopsInteractorNSURLSession.swift */; };
		8C3413FB1F743F0D00DE12F5 /* URLs.swift in Sources */ = {isa = PBXBuildFile; fileRef = 8C3413FA1F743F0D00DE12F5 /* URLs.swift */; };
		8C3413FD1F74472F00DE12F5 /* JsonParser.swift in Sources */ = {isa = PBXBuildFile; fileRef = 8C3413FC1F74472F00DE12F5 /* JsonParser.swift */; };
		8C757E4B1F744E7D003B6E48 /* ShopCell.swift in Sources */ = {isa = PBXBuildFile; fileRef = 8C757E4A1F744E7D003B6E48 /* ShopCell.swift */; };
		8C757E4D1F745115003B6E48 /* String+Image.swift in Sources */ = {isa = PBXBuildFile; fileRef = 8C757E4C1F745115003B6E48 /* String+Image.swift */; };
		8C757E4F1F747FE5003B6E48 /* CoreDataStack.swift in Sources */ = {isa = PBXBuildFile; fileRef = 8C757E4E1F747FE5003B6E48 /* CoreDataStack.swift */; };
		8C757E511F748000003B6E48 /* CoreData.framework in Frameworks */ = {isa = PBXBuildFile; fileRef = 8C757E501F748000003B6E48 /* CoreData.framework */; };
		8C757E531F748063003B6E48 /* CacheShopsInteractorProtocol.swift in Sources */ = {isa = PBXBuildFile; fileRef = 8C757E521F748063003B6E48 /* CacheShopsInteractorProtocol.swift */; };
		8C757E551F748117003B6E48 /* CacheShopsInteractorCoreData.swift in Sources */ = {isa = PBXBuildFile; fileRef = 8C757E541F748117003B6E48 /* CacheShopsInteractorCoreData.swift */; };
		8C757E571F7481C7003B6E48 /* MapShops.swift in Sources */ = {isa = PBXBuildFile; fileRef = 8C757E561F7481C7003B6E48 /* MapShops.swift */; };
		8C8175C81F74918700BF9DF8 /* MenuVC.swift in Sources */ = {isa = PBXBuildFile; fileRef = 8C8175C71F74918700BF9DF8 /* MenuVC.swift */; };
		8C8175CA1F74965100BF9DF8 /* FetchedResultsController.swift in Sources */ = {isa = PBXBuildFile; fileRef = 8C8175C91F74965100BF9DF8 /* FetchedResultsController.swift */; };
		8C8175CC1F749B3500BF9DF8 /* UserSettingsInteractor.swift in Sources */ = {isa = PBXBuildFile; fileRef = 8C8175CB1F749B3500BF9DF8 /* UserSettingsInteractor.swift */; };
		8CB49E981F73CEBF00A64112 /* AppDelegate.swift in Sources */ = {isa = PBXBuildFile; fileRef = 8CB49E971F73CEBF00A64112 /* AppDelegate.swift */; };
		8CB49E9A1F73CEBF00A64112 /* ShopsListVC.swift in Sources */ = {isa = PBXBuildFile; fileRef = 8CB49E991F73CEBF00A64112 /* ShopsListVC.swift */; };
		8CB49E9D1F73CEBF00A64112 /* Main.storyboard in Resources */ = {isa = PBXBuildFile; fileRef = 8CB49E9B1F73CEBF00A64112 /* Main.storyboard */; };
		8CB49E9F1F73CEBF00A64112 /* Assets.xcassets in Resources */ = {isa = PBXBuildFile; fileRef = 8CB49E9E1F73CEBF00A64112 /* Assets.xcassets */; };
		8CB49EA21F73CEBF00A64112 /* LaunchScreen.storyboard in Resources */ = {isa = PBXBuildFile; fileRef = 8CB49EA01F73CEBF00A64112 /* LaunchScreen.storyboard */; };
		8CB49EAD1F73CEBF00A64112 /* MadridShops_ProTests.swift in Sources */ = {isa = PBXBuildFile; fileRef = 8CB49EAC1F73CEBF00A64112 /* MadridShops_ProTests.swift */; };
		8CB49EB91F73CEE200A64112 /* MapKit.framework in Frameworks */ = {isa = PBXBuildFile; fileRef = 8CB49EB81F73CEE200A64112 /* MapKit.framework */; };
/* End PBXBuildFile section */

/* Begin PBXContainerItemProxy section */
		8CB49EA91F73CEBF00A64112 /* PBXContainerItemProxy */ = {
			isa = PBXContainerItemProxy;
			containerPortal = 8CB49E8C1F73CEBF00A64112 /* Project object */;
			proxyType = 1;
			remoteGlobalIDString = 8CB49E931F73CEBF00A64112;
			remoteInfo = "MadridShops-Pro";
		};
/* End PBXContainerItemProxy section */

/* Begin PBXFileReference section */
		8C3413E31F742E2800DE12F5 /* Shop.swift */ = {isa = PBXFileReference; lastKnownFileType = sourcecode.swift; path = Shop.swift; sourceTree = "<group>"; };
		8C3413E51F742FD600DE12F5 /* Activity.swift */ = {isa = PBXFileReference; lastKnownFileType = sourcecode.swift; path = Activity.swift; sourceTree = "<group>"; };
		8C3413E71F7430AC00DE12F5 /* Shops.swift */ = {isa = PBXFileReference; lastKnownFileType = sourcecode.swift; path = Shops.swift; sourceTree = "<group>"; };
		8C3413E91F7431E400DE12F5 /* Activities.swift */ = {isa = PBXFileReference; lastKnownFileType = sourcecode.swift; path = Activities.swift; sourceTree = "<group>"; };
		8C3413EB1F74351600DE12F5 /* ShopDetailVC.swift */ = {isa = PBXFileReference; lastKnownFileType = sourcecode.swift; path = ShopDetailVC.swift; sourceTree = "<group>"; };
		8C3413ED1F7435BA00DE12F5 /* ActivityListVC.swift */ = {isa = PBXFileReference; lastKnownFileType = sourcecode.swift; path = ActivityListVC.swift; sourceTree = "<group>"; };
		8C3413EF1F7435D800DE12F5 /* ActivityDetailVC.swift */ = {isa = PBXFileReference; lastKnownFileType = sourcecode.swift; path = ActivityDetailVC.swift; sourceTree = "<group>"; };
		8C3413F11F74380800DE12F5 /* ShopsListVC+CollectionVC.swift */ = {isa = PBXFileReference; lastKnownFileType = sourcecode.swift; path = "ShopsListVC+CollectionVC.swift"; sourceTree = "<group>"; };
		8C3413F41F74397E00DE12F5 /* MadridShopsPro.xcdatamodel */ = {isa = PBXFileReference; lastKnownFileType = wrapper.xcdatamodel; path = MadridShopsPro.xcdatamodel; sourceTree = "<group>"; };
		8C3413F61F743CF700DE12F5 /* DownloadShopsInteractorProtocol.swift */ = {isa = PBXFileReference; lastKnownFileType = sourcecode.swift; path = DownloadShopsInteractorProtocol.swift; sourceTree = "<group>"; };
		8C3413F81F743E0500DE12F5 /* DownloadShopsInteractorNSURLSession.swift */ = {isa = PBXFileReference; lastKnownFileType = sourcecode.swift; path = DownloadShopsInteractorNSURLSession.swift; sourceTree = "<group>"; };
		8C3413FA1F743F0D00DE12F5 /* URLs.swift */ = {isa = PBXFileReference; lastKnownFileType = sourcecode.swift; path = URLs.swift; sourceTree = "<group>"; };
		8C3413FC1F74472F00DE12F5 /* JsonParser.swift */ = {isa = PBXFileReference; lastKnownFileType = sourcecode.swift; path = JsonParser.swift; sourceTree = "<group>"; };
		8C757E4A1F744E7D003B6E48 /* ShopCell.swift */ = {isa = PBXFileReference; lastKnownFileType = sourcecode.swift; path = ShopCell.swift; sourceTree = "<group>"; };
		8C757E4C1F745115003B6E48 /* String+Image.swift */ = {isa = PBXFileReference; lastKnownFileType = sourcecode.swift; path = "String+Image.swift"; sourceTree = "<group>"; };
		8C757E4E1F747FE5003B6E48 /* CoreDataStack.swift */ = {isa = PBXFileReference; lastKnownFileType = sourcecode.swift; path = CoreDataStack.swift; sourceTree = "<group>"; };
		8C757E501F748000003B6E48 /* CoreData.framework */ = {isa = PBXFileReference; lastKnownFileType = wrapper.framework; name = CoreData.framework; path = System/Library/Frameworks/CoreData.framework; sourceTree = SDKROOT; };
		8C757E521F748063003B6E48 /* CacheShopsInteractorProtocol.swift */ = {isa = PBXFileReference; lastKnownFileType = sourcecode.swift; path = CacheShopsInteractorProtocol.swift; sourceTree = "<group>"; };
		8C757E541F748117003B6E48 /* CacheShopsInteractorCoreData.swift */ = {isa = PBXFileReference; lastKnownFileType = sourcecode.swift; path = CacheShopsInteractorCoreData.swift; sourceTree = "<group>"; };
		8C757E561F7481C7003B6E48 /* MapShops.swift */ = {isa = PBXFileReference; lastKnownFileType = sourcecode.swift; path = MapShops.swift; sourceTree = "<group>"; };
		8C8175C71F74918700BF9DF8 /* MenuVC.swift */ = {isa = PBXFileReference; lastKnownFileType = sourcecode.swift; path = MenuVC.swift; sourceTree = "<group>"; };
		8C8175C91F74965100BF9DF8 /* FetchedResultsController.swift */ = {isa = PBXFileReference; lastKnownFileType = sourcecode.swift; path = FetchedResultsController.swift; sourceTree = "<group>"; };
		8C8175CB1F749B3500BF9DF8 /* UserSettingsInteractor.swift */ = {isa = PBXFileReference; lastKnownFileType = sourcecode.swift; path = UserSettingsInteractor.swift; sourceTree = "<group>"; };
		8CB49E941F73CEBF00A64112 /* MadridShops-Pro.app */ = {isa = PBXFileReference; explicitFileType = wrapper.application; includeInIndex = 0; path = "MadridShops-Pro.app"; sourceTree = BUILT_PRODUCTS_DIR; };
		8CB49E971F73CEBF00A64112 /* AppDelegate.swift */ = {isa = PBXFileReference; lastKnownFileType = sourcecode.swift; path = AppDelegate.swift; sourceTree = "<group>"; };
		8CB49E991F73CEBF00A64112 /* ShopsListVC.swift */ = {isa = PBXFileReference; lastKnownFileType = sourcecode.swift; path = ShopsListVC.swift; sourceTree = "<group>"; };
		8CB49E9C1F73CEBF00A64112 /* Base */ = {isa = PBXFileReference; lastKnownFileType = file.storyboard; name = Base; path = Base.lproj/Main.storyboard; sourceTree = "<group>"; };
		8CB49E9E1F73CEBF00A64112 /* Assets.xcassets */ = {isa = PBXFileReference; lastKnownFileType = folder.assetcatalog; path = Assets.xcassets; sourceTree = "<group>"; };
		8CB49EA11F73CEBF00A64112 /* Base */ = {isa = PBXFileReference; lastKnownFileType = file.storyboard; name = Base; path = Base.lproj/LaunchScreen.storyboard; sourceTree = "<group>"; };
		8CB49EA31F73CEBF00A64112 /* Info.plist */ = {isa = PBXFileReference; lastKnownFileType = text.plist.xml; path = Info.plist; sourceTree = "<group>"; };
		8CB49EA81F73CEBF00A64112 /* MadridShops-ProTests.xctest */ = {isa = PBXFileReference; explicitFileType = wrapper.cfbundle; includeInIndex = 0; path = "MadridShops-ProTests.xctest"; sourceTree = BUILT_PRODUCTS_DIR; };
		8CB49EAC1F73CEBF00A64112 /* MadridShops_ProTests.swift */ = {isa = PBXFileReference; lastKnownFileType = sourcecode.swift; path = MadridShops_ProTests.swift; sourceTree = "<group>"; };
		8CB49EAE1F73CEBF00A64112 /* Info.plist */ = {isa = PBXFileReference; lastKnownFileType = text.plist.xml; path = Info.plist; sourceTree = "<group>"; };
		8CB49EB81F73CEE200A64112 /* MapKit.framework */ = {isa = PBXFileReference; lastKnownFileType = wrapper.framework; name = MapKit.framework; path = System/Library/Frameworks/MapKit.framework; sourceTree = SDKROOT; };
/* End PBXFileReference section */

/* Begin PBXFrameworksBuildPhase section */
		8CB49E911F73CEBF00A64112 /* Frameworks */ = {
			isa = PBXFrameworksBuildPhase;
			buildActionMask = 2147483647;
			files = (
				8C757E511F748000003B6E48 /* CoreData.framework in Frameworks */,
				8CB49EB91F73CEE200A64112 /* MapKit.framework in Frameworks */,
			);
			runOnlyForDeploymentPostprocessing = 0;
		};
		8CB49EA51F73CEBF00A64112 /* Frameworks */ = {
			isa = PBXFrameworksBuildPhase;
			buildActionMask = 2147483647;
			files = (
			);
			runOnlyForDeploymentPostprocessing = 0;
		};
/* End PBXFrameworksBuildPhase section */

/* Begin PBXGroup section */
		8CB49E8B1F73CEBF00A64112 = {
			isa = PBXGroup;
			children = (
				8CB49E961F73CEBF00A64112 /* MadridShops-Pro */,
				8CB49EAB1F73CEBF00A64112 /* MadridShops-ProTests */,
				8CB49E951F73CEBF00A64112 /* Products */,
				8CB49EB71F73CEE200A64112 /* Frameworks */,
			);
			sourceTree = "<group>";
		};
		8CB49E951F73CEBF00A64112 /* Products */ = {
			isa = PBXGroup;
			children = (
				8CB49E941F73CEBF00A64112 /* MadridShops-Pro.app */,
				8CB49EA81F73CEBF00A64112 /* MadridShops-ProTests.xctest */,
			);
			name = Products;
			sourceTree = "<group>";
		};
		8CB49E961F73CEBF00A64112 /* MadridShops-Pro */ = {
			isa = PBXGroup;
			children = (
				8CB49E971F73CEBF00A64112 /* AppDelegate.swift */,
				8CB49EBA1F73FA6D00A64112 /* Utils */,
				8CB49EBB1F73FA7F00A64112 /* Assets */,
				8CB49EBE1F73FAA700A64112 /* Model */,
				8CB49EBD1F73FA9A00A64112 /* View */,
				8CB49EBC1F73FA8F00A64112 /* Controller */,
				8CB49EA31F73CEBF00A64112 /* Info.plist */,
			);
			path = "MadridShops-Pro";
			sourceTree = "<group>";
		};
		8CB49EAB1F73CEBF00A64112 /* MadridShops-ProTests */ = {
			isa = PBXGroup;
			children = (
				8CB49EAC1F73CEBF00A64112 /* MadridShops_ProTests.swift */,
				8CB49EAE1F73CEBF00A64112 /* Info.plist */,
			);
			path = "MadridShops-ProTests";
			sourceTree = "<group>";
		};
		8CB49EB71F73CEE200A64112 /* Frameworks */ = {
			isa = PBXGroup;
			children = (
				8C757E501F748000003B6E48 /* CoreData.framework */,
				8CB49EB81F73CEE200A64112 /* MapKit.framework */,
			);
			name = Frameworks;
			sourceTree = "<group>";
		};
		8CB49EBA1F73FA6D00A64112 /* Utils */ = {
			isa = PBXGroup;
			children = (
				8C3413FA1F743F0D00DE12F5 /* URLs.swift */,
				8C757E4C1F745115003B6E48 /* String+Image.swift */,
				8C757E4E1F747FE5003B6E48 /* CoreDataStack.swift */,
				8C8175C91F74965100BF9DF8 /* FetchedResultsController.swift */,
			);
			path = Utils;
			sourceTree = "<group>";
		};
		8CB49EBB1F73FA7F00A64112 /* Assets */ = {
			isa = PBXGroup;
			children = (
				8CB49E9E1F73CEBF00A64112 /* Assets.xcassets */,
			);
			path = Assets;
			sourceTree = "<group>";
		};
		8CB49EBC1F73FA8F00A64112 /* Controller */ = {
			isa = PBXGroup;
			children = (
				8C8175C71F74918700BF9DF8 /* MenuVC.swift */,
				8CB49E991F73CEBF00A64112 /* ShopsListVC.swift */,
				8C3413F11F74380800DE12F5 /* ShopsListVC+CollectionVC.swift */,
				8C3413EB1F74351600DE12F5 /* ShopDetailVC.swift */,
				8C3413ED1F7435BA00DE12F5 /* ActivityListVC.swift */,
				8C3413EF1F7435D800DE12F5 /* ActivityDetailVC.swift */,
			);
			path = Controller;
			sourceTree = "<group>";
		};
		8CB49EBD1F73FA9A00A64112 /* View */ = {
			isa = PBXGroup;
			children = (
				8CB49E9B1F73CEBF00A64112 /* Main.storyboard */,
				8CB49EA01F73CEBF00A64112 /* LaunchScreen.storyboard */,
				8C757E4A1F744E7D003B6E48 /* ShopCell.swift */,
			);
			path = View;
			sourceTree = "<group>";
		};
		8CB49EBE1F73FAA700A64112 /* Model */ = {
			isa = PBXGroup;
			children = (
				8CB49EC11F73FAC700A64112 /* Mappers */,
				8CB49EC01F73FABD00A64112 /* JSON Parser */,
				8CB49EBF1F73FAAC00A64112 /* Interactors */,
				8C3413E31F742E2800DE12F5 /* Shop.swift */,
				8C3413E71F7430AC00DE12F5 /* Shops.swift */,
				8C3413E51F742FD600DE12F5 /* Activity.swift */,
				8C3413E91F7431E400DE12F5 /* Activities.swift */,
				8C3413F31F74397E00DE12F5 /* MadridShopsPro.xcdatamodeld */,
			);
			path = Model;
			sourceTree = "<group>";
		};
		8CB49EBF1F73FAAC00A64112 /* Interactors */ = {
			isa = PBXGroup;
			children = (
				8CB49EC21F73FAD500A64112 /* Cache Interactors */,
				8C3413F61F743CF700DE12F5 /* DownloadShopsInteractorProtocol.swift */,
				8C3413F81F743E0500DE12F5 /* DownloadShopsInteractorNSURLSession.swift */,
				8C8175CB1F749B3500BF9DF8 /* UserSettingsInteractor.swift */,
			);
			path = Interactors;
			sourceTree = "<group>";
		};
		8CB49EC01F73FABD00A64112 /* JSON Parser */ = {
			isa = PBXGroup;
			children = (
				8C3413FC1F74472F00DE12F5 /* JsonParser.swift */,
			);
			path = "JSON Parser";
			sourceTree = "<group>";
		};
		8CB49EC11F73FAC700A64112 /* Mappers */ = {
			isa = PBXGroup;
			children = (
				8C757E561F7481C7003B6E48 /* MapShops.swift */,
			);
			path = Mappers;
			sourceTree = "<group>";
		};
		8CB49EC21F73FAD500A64112 /* Cache Interactors */ = {
			isa = PBXGroup;
			children = (
				8C757E521F748063003B6E48 /* CacheShopsInteractorProtocol.swift */,
				8C757E541F748117003B6E48 /* CacheShopsInteractorCoreData.swift */,
			);
			path = "Cache Interactors";
			sourceTree = "<group>";
		};
/* End PBXGroup section */

/* Begin PBXNativeTarget section */
		8CB49E931F73CEBF00A64112 /* MadridShops-Pro */ = {
			isa = PBXNativeTarget;
			buildConfigurationList = 8CB49EB11F73CEBF00A64112 /* Build configuration list for PBXNativeTarget "MadridShops-Pro" */;
			buildPhases = (
				8CB49E901F73CEBF00A64112 /* Sources */,
				8CB49E911F73CEBF00A64112 /* Frameworks */,
				8CB49E921F73CEBF00A64112 /* Resources */,
			);
			buildRules = (
			);
			dependencies = (
			);
			name = "MadridShops-Pro";
			productName = "MadridShops-Pro";
			productReference = 8CB49E941F73CEBF00A64112 /* MadridShops-Pro.app */;
			productType = "com.apple.product-type.application";
		};
		8CB49EA71F73CEBF00A64112 /* MadridShops-ProTests */ = {
			isa = PBXNativeTarget;
			buildConfigurationList = 8CB49EB41F73CEBF00A64112 /* Build configuration list for PBXNativeTarget "MadridShops-ProTests" */;
			buildPhases = (
				8CB49EA41F73CEBF00A64112 /* Sources */,
				8CB49EA51F73CEBF00A64112 /* Frameworks */,
				8CB49EA61F73CEBF00A64112 /* Resources */,
			);
			buildRules = (
			);
			dependencies = (
				8CB49EAA1F73CEBF00A64112 /* PBXTargetDependency */,
			);
			name = "MadridShops-ProTests";
			productName = "MadridShops-ProTests";
			productReference = 8CB49EA81F73CEBF00A64112 /* MadridShops-ProTests.xctest */;
			productType = "com.apple.product-type.bundle.unit-test";
		};
/* End PBXNativeTarget section */

/* Begin PBXProject section */
		8CB49E8C1F73CEBF00A64112 /* Project object */ = {
			isa = PBXProject;
			attributes = {
				LastSwiftUpdateCheck = 0900;
				LastUpgradeCheck = 0900;
				ORGANIZATIONNAME = Ammyt;
				TargetAttributes = {
					8CB49E931F73CEBF00A64112 = {
						CreatedOnToolsVersion = 9.0;
						ProvisioningStyle = Automatic;
						SystemCapabilities = {
							com.apple.Maps.iOS = {
								enabled = 1;
							};
						};
					};
					8CB49EA71F73CEBF00A64112 = {
						CreatedOnToolsVersion = 9.0;
						ProvisioningStyle = Automatic;
						TestTargetID = 8CB49E931F73CEBF00A64112;
					};
				};
			};
			buildConfigurationList = 8CB49E8F1F73CEBF00A64112 /* Build configuration list for PBXProject "MadridShops-Pro" */;
			compatibilityVersion = "Xcode 8.0";
			developmentRegion = en;
			hasScannedForEncodings = 0;
			knownRegions = (
				en,
				Base,
			);
			mainGroup = 8CB49E8B1F73CEBF00A64112;
			productRefGroup = 8CB49E951F73CEBF00A64112 /* Products */;
			projectDirPath = "";
			projectRoot = "";
			targets = (
				8CB49E931F73CEBF00A64112 /* MadridShops-Pro */,
				8CB49EA71F73CEBF00A64112 /* MadridShops-ProTests */,
			);
		};
/* End PBXProject section */

/* Begin PBXResourcesBuildPhase section */
		8CB49E921F73CEBF00A64112 /* Resources */ = {
			isa = PBXResourcesBuildPhase;
			buildActionMask = 2147483647;
			files = (
				8CB49EA21F73CEBF00A64112 /* LaunchScreen.storyboard in Resources */,
				8CB49E9F1F73CEBF00A64112 /* Assets.xcassets in Resources */,
				8CB49E9D1F73CEBF00A64112 /* Main.storyboard in Resources */,
			);
			runOnlyForDeploymentPostprocessing = 0;
		};
		8CB49EA61F73CEBF00A64112 /* Resources */ = {
			isa = PBXResourcesBuildPhase;
			buildActionMask = 2147483647;
			files = (
			);
			runOnlyForDeploymentPostprocessing = 0;
		};
/* End PBXResourcesBuildPhase section */

/* Begin PBXSourcesBuildPhase section */
		8CB49E901F73CEBF00A64112 /* Sources */ = {
			isa = PBXSourcesBuildPhase;
			buildActionMask = 2147483647;
			files = (
				8C3413F91F743E0500DE12F5 /* DownloadShopsInteractorNSURLSession.swift in Sources */,
				8C8175CC1F749B3500BF9DF8 /* UserSettingsInteractor.swift in Sources */,
				8C757E571F7481C7003B6E48 /* MapShops.swift in Sources */,
				8C3413E41F742E2800DE12F5 /* Shop.swift in Sources */,
				8C3413EE1F7435BA00DE12F5 /* ActivityListVC.swift in Sources */,
				8C757E4F1F747FE5003B6E48 /* CoreDataStack.swift in Sources */,
				8C757E551F748117003B6E48 /* CacheShopsInteractorCoreData.swift in Sources */,
				8C757E4B1F744E7D003B6E48 /* ShopCell.swift in Sources */,
				8C3413FB1F743F0D00DE12F5 /* URLs.swift in Sources */,
				8C3413F71F743CF700DE12F5 /* DownloadShopsInteractorProtocol.swift in Sources */,
				8C3413E81F7430AC00DE12F5 /* Shops.swift in Sources */,
				8C3413F51F74397E00DE12F5 /* MadridShopsPro.xcdatamodeld in Sources */,
				8C3413EA1F7431E400DE12F5 /* Activities.swift in Sources */,
				8C757E4D1F745115003B6E48 /* String+Image.swift in Sources */,
				8C757E531F748063003B6E48 /* CacheShopsInteractorProtocol.swift in Sources */,
				8CB49E9A1F73CEBF00A64112 /* ShopsListVC.swift in Sources */,
				8C3413EC1F74351600DE12F5 /* ShopDetailVC.swift in Sources */,
				8C3413E61F742FD600DE12F5 /* Activity.swift in Sources */,
				8C8175CA1F74965100BF9DF8 /* FetchedResultsController.swift in Sources */,
				8C8175C81F74918700BF9DF8 /* MenuVC.swift in Sources */,
				8C3413FD1F74472F00DE12F5 /* JsonParser.swift in Sources */,
				8C3413F21F74380800DE12F5 /* ShopsListVC+CollectionVC.swift in Sources */,
				8C3413F01F7435D800DE12F5 /* ActivityDetailVC.swift in Sources */,
				8CB49E981F73CEBF00A64112 /* AppDelegate.swift in Sources */,
			);
			runOnlyForDeploymentPostprocessing = 0;
		};
		8CB49EA41F73CEBF00A64112 /* Sources */ = {
			isa = PBXSourcesBuildPhase;
			buildActionMask = 2147483647;
			files = (
				8CB49EAD1F73CEBF00A64112 /* MadridShops_ProTests.swift in Sources */,
			);
			runOnlyForDeploymentPostprocessing = 0;
		};
/* End PBXSourcesBuildPhase section */

/* Begin PBXTargetDependency section */
		8CB49EAA1F73CEBF00A64112 /* PBXTargetDependency */ = {
			isa = PBXTargetDependency;
			target = 8CB49E931F73CEBF00A64112 /* MadridShops-Pro */;
			targetProxy = 8CB49EA91F73CEBF00A64112 /* PBXContainerItemProxy */;
		};
/* End PBXTargetDependency section */

/* Begin PBXVariantGroup section */
		8CB49E9B1F73CEBF00A64112 /* Main.storyboard */ = {
			isa = PBXVariantGroup;
			children = (
				8CB49E9C1F73CEBF00A64112 /* Base */,
			);
			name = Main.storyboard;
			sourceTree = "<group>";
		};
		8CB49EA01F73CEBF00A64112 /* LaunchScreen.storyboard */ = {
			isa = PBXVariantGroup;
			children = (
				8CB49EA11F73CEBF00A64112 /* Base */,
			);
			name = LaunchScreen.storyboard;
			sourceTree = "<group>";
		};
/* End PBXVariantGroup section */

/* Begin XCBuildConfiguration section */
		8CB49EAF1F73CEBF00A64112 /* Debug */ = {
			isa = XCBuildConfiguration;
			buildSettings = {
				ALWAYS_SEARCH_USER_PATHS = NO;
				CLANG_ANALYZER_NONNULL = YES;
				CLANG_ANALYZER_NUMBER_OBJECT_CONVERSION = YES_AGGRESSIVE;
				CLANG_CXX_LANGUAGE_STANDARD = "gnu++14";
				CLANG_CXX_LIBRARY = "libc++";
				CLANG_ENABLE_MODULES = YES;
				CLANG_ENABLE_OBJC_ARC = YES;
				CLANG_WARN_BLOCK_CAPTURE_AUTORELEASING = YES;
				CLANG_WARN_BOOL_CONVERSION = YES;
				CLANG_WARN_COMMA = YES;
				CLANG_WARN_CONSTANT_CONVERSION = YES;
				CLANG_WARN_DIRECT_OBJC_ISA_USAGE = YES_ERROR;
				CLANG_WARN_DOCUMENTATION_COMMENTS = YES;
				CLANG_WARN_EMPTY_BODY = YES;
				CLANG_WARN_ENUM_CONVERSION = YES;
				CLANG_WARN_INFINITE_RECURSION = YES;
				CLANG_WARN_INT_CONVERSION = YES;
				CLANG_WARN_NON_LITERAL_NULL_CONVERSION = YES;
				CLANG_WARN_OBJC_LITERAL_CONVERSION = YES;
				CLANG_WARN_OBJC_ROOT_CLASS = YES_ERROR;
				CLANG_WARN_RANGE_LOOP_ANALYSIS = YES;
				CLANG_WARN_STRICT_PROTOTYPES = YES;
				CLANG_WARN_SUSPICIOUS_MOVE = YES;
				CLANG_WARN_UNGUARDED_AVAILABILITY = YES_AGGRESSIVE;
				CLANG_WARN_UNREACHABLE_CODE = YES;
				CLANG_WARN__DUPLICATE_METHOD_MATCH = YES;
				CODE_SIGN_IDENTITY = "iPhone Developer";
				COPY_PHASE_STRIP = NO;
				DEBUG_INFORMATION_FORMAT = dwarf;
				ENABLE_STRICT_OBJC_MSGSEND = YES;
				ENABLE_TESTABILITY = YES;
				GCC_C_LANGUAGE_STANDARD = gnu11;
				GCC_DYNAMIC_NO_PIC = NO;
				GCC_NO_COMMON_BLOCKS = YES;
				GCC_OPTIMIZATION_LEVEL = 0;
				GCC_PREPROCESSOR_DEFINITIONS = (
					"DEBUG=1",
					"$(inherited)",
				);
				GCC_WARN_64_TO_32_BIT_CONVERSION = YES;
				GCC_WARN_ABOUT_RETURN_TYPE = YES_ERROR;
				GCC_WARN_UNDECLARED_SELECTOR = YES;
				GCC_WARN_UNINITIALIZED_AUTOS = YES_AGGRESSIVE;
				GCC_WARN_UNUSED_FUNCTION = YES;
				GCC_WARN_UNUSED_VARIABLE = YES;
				IPHONEOS_DEPLOYMENT_TARGET = 11.0;
				MTL_ENABLE_DEBUG_INFO = YES;
				ONLY_ACTIVE_ARCH = YES;
				SDKROOT = iphoneos;
				SWIFT_ACTIVE_COMPILATION_CONDITIONS = DEBUG;
				SWIFT_OPTIMIZATION_LEVEL = "-Onone";
			};
			name = Debug;
		};
		8CB49EB01F73CEBF00A64112 /* Release */ = {
			isa = XCBuildConfiguration;
			buildSettings = {
				ALWAYS_SEARCH_USER_PATHS = NO;
				CLANG_ANALYZER_NONNULL = YES;
				CLANG_ANALYZER_NUMBER_OBJECT_CONVERSION = YES_AGGRESSIVE;
				CLANG_CXX_LANGUAGE_STANDARD = "gnu++14";
				CLANG_CXX_LIBRARY = "libc++";
				CLANG_ENABLE_MODULES = YES;
				CLANG_ENABLE_OBJC_ARC = YES;
				CLANG_WARN_BLOCK_CAPTURE_AUTORELEASING = YES;
				CLANG_WARN_BOOL_CONVERSION = YES;
				CLANG_WARN_COMMA = YES;
				CLANG_WARN_CONSTANT_CONVERSION = YES;
				CLANG_WARN_DIRECT_OBJC_ISA_USAGE = YES_ERROR;
				CLANG_WARN_DOCUMENTATION_COMMENTS = YES;
				CLANG_WARN_EMPTY_BODY = YES;
				CLANG_WARN_ENUM_CONVERSION = YES;
				CLANG_WARN_INFINITE_RECURSION = YES;
				CLANG_WARN_INT_CONVERSION = YES;
				CLANG_WARN_NON_LITERAL_NULL_CONVERSION = YES;
				CLANG_WARN_OBJC_LITERAL_CONVERSION = YES;
				CLANG_WARN_OBJC_ROOT_CLASS = YES_ERROR;
				CLANG_WARN_RANGE_LOOP_ANALYSIS = YES;
				CLANG_WARN_STRICT_PROTOTYPES = YES;
				CLANG_WARN_SUSPICIOUS_MOVE = YES;
				CLANG_WARN_UNGUARDED_AVAILABILITY = YES_AGGRESSIVE;
				CLANG_WARN_UNREACHABLE_CODE = YES;
				CLANG_WARN__DUPLICATE_METHOD_MATCH = YES;
				CODE_SIGN_IDENTITY = "iPhone Developer";
				COPY_PHASE_STRIP = NO;
				DEBUG_INFORMATION_FORMAT = "dwarf-with-dsym";
				ENABLE_NS_ASSERTIONS = NO;
				ENABLE_STRICT_OBJC_MSGSEND = YES;
				GCC_C_LANGUAGE_STANDARD = gnu11;
				GCC_NO_COMMON_BLOCKS = YES;
				GCC_WARN_64_TO_32_BIT_CONVERSION = YES;
				GCC_WARN_ABOUT_RETURN_TYPE = YES_ERROR;
				GCC_WARN_UNDECLARED_SELECTOR = YES;
				GCC_WARN_UNINITIALIZED_AUTOS = YES_AGGRESSIVE;
				GCC_WARN_UNUSED_FUNCTION = YES;
				GCC_WARN_UNUSED_VARIABLE = YES;
				IPHONEOS_DEPLOYMENT_TARGET = 11.0;
				MTL_ENABLE_DEBUG_INFO = NO;
				SDKROOT = iphoneos;
				SWIFT_OPTIMIZATION_LEVEL = "-Owholemodule";
				VALIDATE_PRODUCT = YES;
			};
			name = Release;
		};
		8CB49EB21F73CEBF00A64112 /* Debug */ = {
			isa = XCBuildConfiguration;
			buildSettings = {
				ASSETCATALOG_COMPILER_APPICON_NAME = AppIcon;
				CODE_SIGN_STYLE = Automatic;
				DEVELOPMENT_TEAM = 9A452NB722;
				INFOPLIST_FILE = "MadridShops-Pro/Info.plist";
				IPHONEOS_DEPLOYMENT_TARGET = 10.0;
				LD_RUNPATH_SEARCH_PATHS = "$(inherited) @executable_path/Frameworks";
				PRODUCT_BUNDLE_IDENTIFIER = "mjp.MadridShops-Pro";
				PRODUCT_NAME = "$(TARGET_NAME)";
				SWIFT_VERSION = 4.0;
				TARGETED_DEVICE_FAMILY = "1,2";
			};
			name = Debug;
		};
		8CB49EB31F73CEBF00A64112 /* Release */ = {
			isa = XCBuildConfiguration;
			buildSettings = {
				ASSETCATALOG_COMPILER_APPICON_NAME = AppIcon;
				CODE_SIGN_STYLE = Automatic;
				DEVELOPMENT_TEAM = 9A452NB722;
				INFOPLIST_FILE = "MadridShops-Pro/Info.plist";
				IPHONEOS_DEPLOYMENT_TARGET = 10.0;
				LD_RUNPATH_SEARCH_PATHS = "$(inherited) @executable_path/Frameworks";
				PRODUCT_BUNDLE_IDENTIFIER = "mjp.MadridShops-Pro";
				PRODUCT_NAME = "$(TARGET_NAME)";
				SWIFT_VERSION = 4.0;
				TARGETED_DEVICE_FAMILY = "1,2";
			};
			name = Release;
		};
		8CB49EB51F73CEBF00A64112 /* Debug */ = {
			isa = XCBuildConfiguration;
			buildSettings = {
				ALWAYS_EMBED_SWIFT_STANDARD_LIBRARIES = YES;
				BUNDLE_LOADER = "$(TEST_HOST)";
				CODE_SIGN_STYLE = Automatic;
				DEVELOPMENT_TEAM = 9A452NB722;
				INFOPLIST_FILE = "MadridShops-ProTests/Info.plist";
				LD_RUNPATH_SEARCH_PATHS = "$(inherited) @executable_path/Frameworks @loader_path/Frameworks";
				PRODUCT_BUNDLE_IDENTIFIER = "mjp.MadridShops-ProTests";
				PRODUCT_NAME = "$(TARGET_NAME)";
				SWIFT_VERSION = 4.0;
				TARGETED_DEVICE_FAMILY = "1,2";
				TEST_HOST = "$(BUILT_PRODUCTS_DIR)/MadridShops-Pro.app/MadridShops-Pro";
			};
			name = Debug;
		};
		8CB49EB61F73CEBF00A64112 /* Release */ = {
			isa = XCBuildConfiguration;
			buildSettings = {
				ALWAYS_EMBED_SWIFT_STANDARD_LIBRARIES = YES;
				BUNDLE_LOADER = "$(TEST_HOST)";
				CODE_SIGN_STYLE = Automatic;
				DEVELOPMENT_TEAM = 9A452NB722;
				INFOPLIST_FILE = "MadridShops-ProTests/Info.plist";
				LD_RUNPATH_SEARCH_PATHS = "$(inherited) @executable_path/Frameworks @loader_path/Frameworks";
				PRODUCT_BUNDLE_IDENTIFIER = "mjp.MadridShops-ProTests";
				PRODUCT_NAME = "$(TARGET_NAME)";
				SWIFT_VERSION = 4.0;
				TARGETED_DEVICE_FAMILY = "1,2";
				TEST_HOST = "$(BUILT_PRODUCTS_DIR)/MadridShops-Pro.app/MadridShops-Pro";
			};
			name = Release;
		};
/* End XCBuildConfiguration section */

/* Begin XCConfigurationList section */
		8CB49E8F1F73CEBF00A64112 /* Build configuration list for PBXProject "MadridShops-Pro" */ = {
			isa = XCConfigurationList;
			buildConfigurations = (
				8CB49EAF1F73CEBF00A64112 /* Debug */,
				8CB49EB01F73CEBF00A64112 /* Release */,
			);
			defaultConfigurationIsVisible = 0;
			defaultConfigurationName = Release;
		};
		8CB49EB11F73CEBF00A64112 /* Build configuration list for PBXNativeTarget "MadridShops-Pro" */ = {
			isa = XCConfigurationList;
			buildConfigurations = (
				8CB49EB21F73CEBF00A64112 /* Debug */,
				8CB49EB31F73CEBF00A64112 /* Release */,
			);
			defaultConfigurationIsVisible = 0;
			defaultConfigurationName = Release;
		};
		8CB49EB41F73CEBF00A64112 /* Build configuration list for PBXNativeTarget "MadridShops-ProTests" */ = {
			isa = XCConfigurationList;
			buildConfigurations = (
				8CB49EB51F73CEBF00A64112 /* Debug */,
				8CB49EB61F73CEBF00A64112 /* Release */,
			);
			defaultConfigurationIsVisible = 0;
			defaultConfigurationName = Release;
		};
/* End XCConfigurationList section */

/* Begin XCVersionGroup section */
		8C3413F31F74397E00DE12F5 /* MadridShopsPro.xcdatamodeld */ = {
			isa = XCVersionGroup;
			children = (
				8C3413F41F74397E00DE12F5 /* MadridShopsPro.xcdatamodel */,
			);
			currentVersion = 8C3413F41F74397E00DE12F5 /* MadridShopsPro.xcdatamodel */;
			path = MadridShopsPro.xcdatamodeld;
			sourceTree = "<group>";
			versionGroupType = wrapper.xcdatamodel;
		};
/* End XCVersionGroup section */
	};
	rootObject = 8CB49E8C1F73CEBF00A64112 /* Project object */;
}
